
Microsoft Visual Studio Solution File, Format Version 12.00
# Visual Studio Version 16
VisualStudioVersion = 16.0.31424.327
MinimumVisualStudioVersion = 10.0.40219.1
Project("{FAE04EC0-301F-11D3-BF4B-00C04F79EFBC}") = "AppointmentApp", "AppointmentApp\AppointmentApp.csproj", "{52663FDC-9AF2-43D6-9CDB-D52BAF3B6883}"
EndProject
Global
	GlobalSection(SolutionConfigurationPlatforms) = preSolution
		Debug|Any CPU = Debug|Any CPU
		Release|Any CPU = Release|Any CPU
	EndGlobalSection
	GlobalSection(ProjectConfigurationPlatforms) = postSolution
		{52663FDC-9AF2-43D6-9CDB-D52BAF3B6883}.Debug|Any CPU.ActiveCfg = Debug|Any CPU
		{52663FDC-9AF2-43D6-9CDB-D52BAF3B6883}.Debug|Any CPU.Build.0 = Debug|Any CPU
		{52663FDC-9AF2-43D6-9CDB-D52BAF3B6883}.Release|Any CPU.ActiveCfg = Release|Any CPU
		{52663FDC-9AF2-43D6-9CDB-D52BAF3B6883}.Release|Any CPU.Build.0 = Release|Any CPU
	EndGlobalSection
	GlobalSection(SolutionProperties) = preSolution
		HideSolutionNode = FALSE
	EndGlobalSection
	GlobalSection(ExtensibilityGlobals) = postSolution
		SolutionGuid = {12D330A2-B1AD-4D29-9625-D90E2EE4ADB7}
	EndGlobalSection
EndGlobal
